{
  "name": "csvparser",
  "version": "1.0.0",
  "lockfileVersion": 1,
  "requires": true,
  "dependencies": {
    "csv-string": {
      "version": "4.1.0",
      "resolved": "https://registry.npmjs.org/csv-string/-/csv-string-4.1.0.tgz",
      "integrity": "sha512-67UM45fosQvvh+HUvC8iNgg2B4UHWJ5Qud7TWy1EcbIQ9levAFKWudMk2k8U3LgXZP/Drr6eBwBwbSWq2N8HZA=="
    },
    "fs": {
      "version": "0.0.1-security",
      "resolved": "https://registry.npmjs.org/fs/-/fs-0.0.1-security.tgz",
      "integrity": "sha1-invTcYa23d84E/I4WLV+yq9eQdQ="
    },
    "jquery-csv": {
      "version": "1.0.21",
      "resolved": "https://registry.npmjs.org/jquery-csv/-/jquery-csv-1.0.21.tgz",
      "integrity": "sha512-uDIFsJcC4xZEofK9pk3hwFQlyqf3FFwkQq6JIa882lf0pu/S0H4LqjCAEaULGM0uOcdCbGbMBh3b3LmPtF1a9A=="
    }
  }
}
